
Microsoft Visual Studio Solution File, Format Version 12.00
# Visual Studio 15
Project("{FAE04EC0-301F-11D3-BF4B-00C04F79EFBC}") = "lifeGame", "lifeGame\lifeGame.csproj", "{C07D79F6-0F3A-4651-B2F8-56B609947058}"
EndProject
Global
	GlobalSection(SolutionConfigurationPlatforms) = preSolution
		Debug|Any CPU = Debug|Any CPU
		Release|Any CPU = Release|Any CPU
	EndGlobalSection
	GlobalSection(ProjectConfigurationPlatforms) = postSolution
		{C07D79F6-0F3A-4651-B2F8-56B609947058}.Debug|Any CPU.ActiveCfg = Debug|Any CPU
		{C07D79F6-0F3A-4651-B2F8-56B609947058}.Debug|Any CPU.Build.0 = Debug|Any CPU
		{C07D79F6-0F3A-4651-B2F8-56B609947058}.Release|Any CPU.ActiveCfg = Release|Any CPU
		{C07D79F6-0F3A-4651-B2F8-56B609947058}.Release|Any CPU.Build.0 = Release|Any CPU
	EndGlobalSection
EndGlobal
